
Microsoft Visual Studio Solution File, Format Version 12.00
# Visual Studio Version 18
VisualStudioVersion = 18.1.11304.174
MinimumVisualStudioVersion = 10.0.40219.1
Project("{FAE04EC0-301F-11D3-BF4B-00C04F79EFBC}") = "OpenIddict.Reference.Domain", "OpenIddict.Reference.Domain\OpenIddict.Reference.Domain.csproj", "{1E2868DF-F6E0-449F-A1A6-AE00BBED107B}"
EndProject
Project("{FAE04EC0-301F-11D3-BF4B-00C04F79EFBC}") = "OpenIddict.Reference.Api", "OpenIddict.Reference.Api\OpenIddict.Reference.Api.csproj", "{B7FBDAB1-7F17-45C4-84DC-9D0F8B4CB682}"
EndProject
Project("{FAE04EC0-301F-11D3-BF4B-00C04F79EFBC}") = "OpenIddict.Reference.Infrastructure", "OpenIddict.Reference.Infrastructure\OpenIddict.Reference.Infrastructure.csproj", "{A3CA8988-7DE5-4F7D-A29B-EBC2F2931039}"
EndProject
Project("{FAE04EC0-301F-11D3-BF4B-00C04F79EFBC}") = "OpenIddict.Reference.Application", "OpenIddict.Reference.Application\OpenIddict.Reference.Application.csproj", "{BBF96E93-C3D1-4C0C-AFE4-5ACDD2E4B390}"
EndProject
Project("{FAE04EC0-301F-11D3-BF4B-00C04F79EFBC}") = "OpenIddict.Reference.Persistence", "OpenIddict.Reference.Persistence\OpenIddict.Reference.Persistence.csproj", "{129850CF-C102-4E47-BB21-51BD1C2D4A34}"
EndProject
Global
	GlobalSection(SolutionConfigurationPlatforms) = preSolution
		Debug|Any CPU = Debug|Any CPU
		Debug|x64 = Debug|x64
		Debug|x86 = Debug|x86
		Release|Any CPU = Release|Any CPU
		Release|x64 = Release|x64
		Release|x86 = Release|x86
	EndGlobalSection
	GlobalSection(ProjectConfigurationPlatforms) = postSolution
		{1E2868DF-F6E0-449F-A1A6-AE00BBED107B}.Debug|Any CPU.ActiveCfg = Debug|Any CPU
		{1E2868DF-F6E0-449F-A1A6-AE00BBED107B}.Debug|Any CPU.Build.0 = Debug|Any CPU
		{1E2868DF-F6E0-449F-A1A6-AE00BBED107B}.Debug|x64.ActiveCfg = Debug|Any CPU
		{1E2868DF-F6E0-449F-A1A6-AE00BBED107B}.Debug|x64.Build.0 = Debug|Any CPU
		{1E2868DF-F6E0-449F-A1A6-AE00BBED107B}.Debug|x86.ActiveCfg = Debug|Any CPU
		{1E2868DF-F6E0-449F-A1A6-AE00BBED107B}.Debug|x86.Build.0 = Debug|Any CPU
		{1E2868DF-F6E0-449F-A1A6-AE00BBED107B}.Release|Any CPU.ActiveCfg = Release|Any CPU
		{1E2868DF-F6E0-449F-A1A6-AE00BBED107B}.Release|Any CPU.Build.0 = Release|Any CPU
		{1E2868DF-F6E0-449F-A1A6-AE00BBED107B}.Release|x64.ActiveCfg = Release|Any CPU
		{1E2868DF-F6E0-449F-A1A6-AE00BBED107B}.Release|x64.Build.0 = Release|Any CPU
		{1E2868DF-F6E0-449F-A1A6-AE00BBED107B}.Release|x86.ActiveCfg = Release|Any CPU
		{1E2868DF-F6E0-449F-A1A6-AE00BBED107B}.Release|x86.Build.0 = Release|Any CPU
		{B7FBDAB1-7F17-45C4-84DC-9D0F8B4CB682}.Debug|Any CPU.ActiveCfg = Debug|Any CPU
		{B7FBDAB1-7F17-45C4-84DC-9D0F8B4CB682}.Debug|Any CPU.Build.0 = Debug|Any CPU
		{B7FBDAB1-7F17-45C4-84DC-9D0F8B4CB682}.Debug|x64.ActiveCfg = Debug|Any CPU
		{B7FBDAB1-7F17-45C4-84DC-9D0F8B4CB682}.Debug|x64.Build.0 = Debug|Any CPU
		{B7FBDAB1-7F17-45C4-84DC-9D0F8B4CB682}.Debug|x86.ActiveCfg = Debug|Any CPU
		{B7FBDAB1-7F17-45C4-84DC-9D0F8B4CB682}.Debug|x86.Build.0 = Debug|Any CPU
		{B7FBDAB1-7F17-45C4-84DC-9D0F8B4CB682}.Release|Any CPU.ActiveCfg = Release|Any CPU
		{B7FBDAB1-7F17-45C4-84DC-9D0F8B4CB682}.Release|Any CPU.Build.0 = Release|Any CPU
		{B7FBDAB1-7F17-45C4-84DC-9D0F8B4CB682}.Release|x64.ActiveCfg = Release|Any CPU
		{B7FBDAB1-7F17-45C4-84DC-9D0F8B4CB682}.Release|x64.Build.0 = Release|Any CPU
		{B7FBDAB1-7F17-45C4-84DC-9D0F8B4CB682}.Release|x86.ActiveCfg = Release|Any CPU
		{B7FBDAB1-7F17-45C4-84DC-9D0F8B4CB682}.Release|x86.Build.0 = Release|Any CPU
		{A3CA8988-7DE5-4F7D-A29B-EBC2F2931039}.Debug|Any CPU.ActiveCfg = Debug|Any CPU
		{A3CA8988-7DE5-4F7D-A29B-EBC2F2931039}.Debug|Any CPU.Build.0 = Debug|Any CPU
		{A3CA8988-7DE5-4F7D-A29B-EBC2F2931039}.Debug|x64.ActiveCfg = Debug|Any CPU
		{A3CA8988-7DE5-4F7D-A29B-EBC2F2931039}.Debug|x64.Build.0 = Debug|Any CPU
		{A3CA8988-7DE5-4F7D-A29B-EBC2F2931039}.Debug|x86.ActiveCfg = Debug|Any CPU
		{A3CA8988-7DE5-4F7D-A29B-EBC2F2931039}.Debug|x86.Build.0 = Debug|Any CPU
		{A3CA8988-7DE5-4F7D-A29B-EBC2F2931039}.Release|Any CPU.ActiveCfg = Release|Any CPU
		{A3CA8988-7DE5-4F7D-A29B-EBC2F2931039}.Release|Any CPU.Build.0 = Release|Any CPU
		{A3CA8988-7DE5-4F7D-A29B-EBC2F2931039}.Release|x64.ActiveCfg = Release|Any CPU
		{A3CA8988-7DE5-4F7D-A29B-EBC2F2931039}.Release|x64.Build.0 = Release|Any CPU
		{A3CA8988-7DE5-4F7D-A29B-EBC2F2931039}.Release|x86.ActiveCfg = Release|Any CPU
		{A3CA8988-7DE5-4F7D-A29B-EBC2F2931039}.Release|x86.Build.0 = Release|Any CPU
		{BBF96E93-C3D1-4C0C-AFE4-5ACDD2E4B390}.Debug|Any CPU.ActiveCfg = Debug|Any CPU
		{BBF96E93-C3D1-4C0C-AFE4-5ACDD2E4B390}.Debug|Any CPU.Build.0 = Debug|Any CPU
		{BBF96E93-C3D1-4C0C-AFE4-5ACDD2E4B390}.Debug|x64.ActiveCfg = Debug|Any CPU
		{BBF96E93-C3D1-4C0C-AFE4-5ACDD2E4B390}.Debug|x64.Build.0 = Debug|Any CPU
		{BBF96E93-C3D1-4C0C-AFE4-5ACDD2E4B390}.Debug|x86.ActiveCfg = Debug|Any CPU
		{BBF96E93-C3D1-4C0C-AFE4-5ACDD2E4B390}.Debug|x86.Build.0 = Debug|Any CPU
		{BBF96E93-C3D1-4C0C-AFE4-5ACDD2E4B390}.Release|Any CPU.ActiveCfg = Release|Any CPU
		{BBF96E93-C3D1-4C0C-AFE4-5ACDD2E4B390}.Release|Any CPU.Build.0 = Release|Any CPU
		{BBF96E93-C3D1-4C0C-AFE4-5ACDD2E4B390}.Release|x64.ActiveCfg = Release|Any CPU
		{BBF96E93-C3D1-4C0C-AFE4-5ACDD2E4B390}.Release|x64.Build.0 = Release|Any CPU
		{BBF96E93-C3D1-4C0C-AFE4-5ACDD2E4B390}.Release|x86.ActiveCfg = Release|Any CPU
		{BBF96E93-C3D1-4C0C-AFE4-5ACDD2E4B390}.Release|x86.Build.0 = Release|Any CPU
		{129850CF-C102-4E47-BB21-51BD1C2D4A34}.Debug|Any CPU.ActiveCfg = Debug|Any CPU
		{129850CF-C102-4E47-BB21-51BD1C2D4A34}.Debug|Any CPU.Build.0 = Debug|Any CPU
		{129850CF-C102-4E47-BB21-51BD1C2D4A34}.Debug|x64.ActiveCfg = Debug|Any CPU
		{129850CF-C102-4E47-BB21-51BD1C2D4A34}.Debug|x64.Build.0 = Debug|Any CPU
		{129850CF-C102-4E47-BB21-51BD1C2D4A34}.Debug|x86.ActiveCfg = Debug|Any CPU
		{129850CF-C102-4E47-BB21-51BD1C2D4A34}.Debug|x86.Build.0 = Debug|Any CPU
		{129850CF-C102-4E47-BB21-51BD1C2D4A34}.Release|Any CPU.ActiveCfg = Release|Any CPU
		{129850CF-C102-4E47-BB21-51BD1C2D4A34}.Release|Any CPU.Build.0 = Release|Any CPU
		{129850CF-C102-4E47-BB21-51BD1C2D4A34}.Release|x64.ActiveCfg = Release|Any CPU
		{129850CF-C102-4E47-BB21-51BD1C2D4A34}.Release|x64.Build.0 = Release|Any CPU
		{129850CF-C102-4E47-BB21-51BD1C2D4A34}.Release|x86.ActiveCfg = Release|Any CPU
		{129850CF-C102-4E47-BB21-51BD1C2D4A34}.Release|x86.Build.0 = Release|Any CPU
	EndGlobalSection
	GlobalSection(SolutionProperties) = preSolution
		HideSolutionNode = FALSE
	EndGlobalSection
	GlobalSection(ExtensibilityGlobals) = postSolution
		SolutionGuid = {E5ABA537-3F4D-4316-9EFC-568D90609D0E}
	EndGlobalSection
EndGlobal
